// !$*UTF8*$!
{
	archiveVersion = 1;
	classes = {
	};
	objectVersion = 56;
	objects = {

/* Begin PBXBuildFile section */
		FE4E7A4429C4B2AD00325835 /* WatchtowerApp.swift in Sources */ = {isa = PBXBuildFile; fileRef = FE4E7A4329C4B2AD00325835 /* WatchtowerApp.swift */; };
		FE4E7A4829C4B2AE00325835 /* Assets.xcassets in Resources */ = {isa = PBXBuildFile; fileRef = FE4E7A4729C4B2AE00325835 /* Assets.xcassets */; };
		FE4E7A4B29C4B2AE00325835 /* Preview Assets.xcassets in Resources */ = {isa = PBXBuildFile; fileRef = FE4E7A4A29C4B2AE00325835 /* Preview Assets.xcassets */; };
		FE8FB8B029EC1F720029A9DA /* LoginViewModel.swift in Sources */ = {isa = PBXBuildFile; fileRef = FE8FB8AF29EC1F720029A9DA /* LoginViewModel.swift */; };
		FE8FB8B229EC31C50029A9DA /* StorageService.swift in Sources */ = {isa = PBXBuildFile; fileRef = FE8FB8B129EC31C50029A9DA /* StorageService.swift */; };
		FE8FB8B629EC35470029A9DA /* Watchtower.xcdatamodeld in Sources */ = {isa = PBXBuildFile; fileRef = FE8FB8B429EC35470029A9DA /* Watchtower.xcdatamodeld */; };
		FE8FB8B829EC36A00029A9DA /* CoreDataStack.swift in Sources */ = {isa = PBXBuildFile; fileRef = FE8FB8B729EC36A00029A9DA /* CoreDataStack.swift */; };
		FE8FB8BB29EC37E60029A9DA /* ActiveRecord.swift in Sources */ = {isa = PBXBuildFile; fileRef = FE8FB8BA29EC37E60029A9DA /* ActiveRecord.swift */; };
		FE8FB8BE29EC38840029A9DA /* CoreDataModel.swift in Sources */ = {isa = PBXBuildFile; fileRef = FE8FB8BD29EC38840029A9DA /* CoreDataModel.swift */; };
		FE8FB8C029EC3B180029A9DA /* NSObject.swift in Sources */ = {isa = PBXBuildFile; fileRef = FE8FB8BF29EC3B180029A9DA /* NSObject.swift */; };
		FE9B8AAF29CC86670084BD24 /* LoginView.swift in Sources */ = {isa = PBXBuildFile; fileRef = FE9B8AAE29CC86670084BD24 /* LoginView.swift */; };
		FE9B8AB729CCC1830084BD24 /* PrimaryActionButton.swift in Sources */ = {isa = PBXBuildFile; fileRef = FE9B8AB629CCC1830084BD24 /* PrimaryActionButton.swift */; };
		FE9B8ABC29CCC52F0084BD24 /* Color.swift in Sources */ = {isa = PBXBuildFile; fileRef = FE9B8ABB29CCC52F0084BD24 /* Color.swift */; };
		FE9B8AC429CCCC370084BD24 /* BackgroundCastleView.swift in Sources */ = {isa = PBXBuildFile; fileRef = FE9B8AC329CCCC370084BD24 /* BackgroundCastleView.swift */; };
		FE9B8AC629CCCC980084BD24 /* LogoView.swift in Sources */ = {isa = PBXBuildFile; fileRef = FE9B8AC529CCCC980084BD24 /* LogoView.swift */; };
		FE9B8AC829CCCD190084BD24 /* SecondaryActionButton.swift in Sources */ = {isa = PBXBuildFile; fileRef = FE9B8AC729CCCD190084BD24 /* SecondaryActionButton.swift */; };
		FE9B8ACE29D099110084BD24 /* KeysService.swift in Sources */ = {isa = PBXBuildFile; fileRef = FE9B8ACD29D099110084BD24 /* KeysService.swift */; };
		FEFF7A2E29E201C100913B92 /* AppState.swift in Sources */ = {isa = PBXBuildFile; fileRef = FEFF7A2D29E201C100913B92 /* AppState.swift */; };
		FEFF7A3129E201F100913B92 /* Session.swift in Sources */ = {isa = PBXBuildFile; fileRef = FEFF7A3029E201F100913B92 /* Session.swift */; };
		FEFF7A3529E2043A00913B92 /* DashboardView.swift in Sources */ = {isa = PBXBuildFile; fileRef = FEFF7A3429E2043A00913B92 /* DashboardView.swift */; };
		FEFF7A3929E2045500913B92 /* InfoView.swift in Sources */ = {isa = PBXBuildFile; fileRef = FEFF7A3829E2045500913B92 /* InfoView.swift */; };
		FEFF7A3C29E2398200913B92 /* AppCardView.swift in Sources */ = {isa = PBXBuildFile; fileRef = FEFF7A3B29E2398200913B92 /* AppCardView.swift */; };
		FEFF7A3E29E23D7D00913B92 /* PercentView.swift in Sources */ = {isa = PBXBuildFile; fileRef = FEFF7A3D29E23D7D00913B92 /* PercentView.swift */; };
		FEFF7A4029E302D900913B92 /* VerificationLevel.swift in Sources */ = {isa = PBXBuildFile; fileRef = FEFF7A3F29E302D900913B92 /* VerificationLevel.swift */; };
		FEFF7A4629E30D5300913B92 /* NewProjectView.swift in Sources */ = {isa = PBXBuildFile; fileRef = FEFF7A4529E30D5300913B92 /* NewProjectView.swift */; };
		FEFF7A4829E30DC500913B92 /* LabeledTextField.swift in Sources */ = {isa = PBXBuildFile; fileRef = FEFF7A4729E30DC500913B92 /* LabeledTextField.swift */; };
		FEFF7A4B29E3108700913B92 /* VerificationLevelView.swift in Sources */ = {isa = PBXBuildFile; fileRef = FEFF7A4A29E3108700913B92 /* VerificationLevelView.swift */; };
		FEFF7A4D29E310CF00913B92 /* VerificationLevelStackView.swift in Sources */ = {isa = PBXBuildFile; fileRef = FEFF7A4C29E310CF00913B92 /* VerificationLevelStackView.swift */; };
		FEFF7A5329E3422F00913B92 /* RequirementView.swift in Sources */ = {isa = PBXBuildFile; fileRef = FEFF7A5229E3422F00913B92 /* RequirementView.swift */; };
		FEFF7A5529E3425E00913B92 /* Requirement.swift in Sources */ = {isa = PBXBuildFile; fileRef = FEFF7A5429E3425E00913B92 /* Requirement.swift */; };
		FEFF7A5729E347F300913B92 /* Verification.swift in Sources */ = {isa = PBXBuildFile; fileRef = FEFF7A5629E347F300913B92 /* Verification.swift */; };
		FEFF7A5929E34BE400913B92 /* MASVSCategory.swift in Sources */ = {isa = PBXBuildFile; fileRef = FEFF7A5829E34BE400913B92 /* MASVSCategory.swift */; };
		FEFF7A5C29E3581900913B92 /* LinkButtonView.swift in Sources */ = {isa = PBXBuildFile; fileRef = FEFF7A5B29E3581900913B92 /* LinkButtonView.swift */; };
		FEFF7A6029E35F8B00913B92 /* ProjectView.swift in Sources */ = {isa = PBXBuildFile; fileRef = FEFF7A5F29E35F8B00913B92 /* ProjectView.swift */; };
		FEFF7A6329E360FA00913B92 /* RequirementRowView.swift in Sources */ = {isa = PBXBuildFile; fileRef = FEFF7A6229E360FA00913B92 /* RequirementRowView.swift */; };
		FEFF7A6529E3639800913B92 /* CheckBoxToggleStyle.swift in Sources */ = {isa = PBXBuildFile; fileRef = FEFF7A6429E3639800913B92 /* CheckBoxToggleStyle.swift */; };
		FEFF7A6729E36B7D00913B92 /* Checklist.swift in Sources */ = {isa = PBXBuildFile; fileRef = FEFF7A6629E36B7D00913B92 /* Checklist.swift */; };
/* End PBXBuildFile section */

/* Begin PBXFileReference section */
		FE4E7A4029C4B2AD00325835 /* Watchtower.app */ = {isa = PBXFileReference; explicitFileType = wrapper.application; includeInIndex = 0; path = Watchtower.app; sourceTree = BUILT_PRODUCTS_DIR; };
		FE4E7A4329C4B2AD00325835 /* WatchtowerApp.swift */ = {isa = PBXFileReference; lastKnownFileType = sourcecode.swift; path = WatchtowerApp.swift; sourceTree = "<group>"; };
		FE4E7A4729C4B2AE00325835 /* Assets.xcassets */ = {isa = PBXFileReference; lastKnownFileType = folder.assetcatalog; path = Assets.xcassets; sourceTree = "<group>"; };
		FE4E7A4A29C4B2AE00325835 /* Preview Assets.xcassets */ = {isa = PBXFileReference; lastKnownFileType = folder.assetcatalog; path = "Preview Assets.xcassets"; sourceTree = "<group>"; };
		FE8FB8AF29EC1F720029A9DA /* LoginViewModel.swift */ = {isa = PBXFileReference; lastKnownFileType = sourcecode.swift; path = LoginViewModel.swift; sourceTree = "<group>"; };
		FE8FB8B129EC31C50029A9DA /* StorageService.swift */ = {isa = PBXFileReference; lastKnownFileType = sourcecode.swift; path = StorageService.swift; sourceTree = "<group>"; };
		FE8FB8B529EC35470029A9DA /* Watchtower.xcdatamodel */ = {isa = PBXFileReference; lastKnownFileType = wrapper.xcdatamodel; path = Watchtower.xcdatamodel; sourceTree = "<group>"; };
		FE8FB8B729EC36A00029A9DA /* CoreDataStack.swift */ = {isa = PBXFileReference; lastKnownFileType = sourcecode.swift; path = CoreDataStack.swift; sourceTree = "<group>"; };
		FE8FB8BA29EC37E60029A9DA /* ActiveRecord.swift */ = {isa = PBXFileReference; lastKnownFileType = sourcecode.swift; path = ActiveRecord.swift; sourceTree = "<group>"; };
		FE8FB8BD29EC38840029A9DA /* CoreDataModel.swift */ = {isa = PBXFileReference; lastKnownFileType = sourcecode.swift; path = CoreDataModel.swift; sourceTree = "<group>"; };
		FE8FB8BF29EC3B180029A9DA /* NSObject.swift */ = {isa = PBXFileReference; lastKnownFileType = sourcecode.swift; path = NSObject.swift; sourceTree = "<group>"; };
		FE9B8AAE29CC86670084BD24 /* LoginView.swift */ = {isa = PBXFileReference; lastKnownFileType = sourcecode.swift; path = LoginView.swift; sourceTree = "<group>"; };
		FE9B8AB629CCC1830084BD24 /* PrimaryActionButton.swift */ = {isa = PBXFileReference; lastKnownFileType = sourcecode.swift; path = PrimaryActionButton.swift; sourceTree = "<group>"; };
		FE9B8ABB29CCC52F0084BD24 /* Color.swift */ = {isa = PBXFileReference; lastKnownFileType = sourcecode.swift; path = Color.swift; sourceTree = "<group>"; };
		FE9B8AC329CCCC370084BD24 /* BackgroundCastleView.swift */ = {isa = PBXFileReference; lastKnownFileType = sourcecode.swift; path = BackgroundCastleView.swift; sourceTree = "<group>"; };
		FE9B8AC529CCCC980084BD24 /* LogoView.swift */ = {isa = PBXFileReference; lastKnownFileType = sourcecode.swift; path = LogoView.swift; sourceTree = "<group>"; };
		FE9B8AC729CCCD190084BD24 /* SecondaryActionButton.swift */ = {isa = PBXFileReference; lastKnownFileType = sourcecode.swift; path = SecondaryActionButton.swift; sourceTree = "<group>"; };
		FE9B8ACD29D099110084BD24 /* KeysService.swift */ = {isa = PBXFileReference; lastKnownFileType = sourcecode.swift; path = KeysService.swift; sourceTree = "<group>"; };
		FEFF7A2D29E201C100913B92 /* AppState.swift */ = {isa = PBXFileReference; lastKnownFileType = sourcecode.swift; path = AppState.swift; sourceTree = "<group>"; };
		FEFF7A3029E201F100913B92 /* Session.swift */ = {isa = PBXFileReference; lastKnownFileType = sourcecode.swift; path = Session.swift; sourceTree = "<group>"; };
		FEFF7A3429E2043A00913B92 /* DashboardView.swift */ = {isa = PBXFileReference; lastKnownFileType = sourcecode.swift; path = DashboardView.swift; sourceTree = "<group>"; };
		FEFF7A3829E2045500913B92 /* InfoView.swift */ = {isa = PBXFileReference; lastKnownFileType = sourcecode.swift; path = InfoView.swift; sourceTree = "<group>"; };
		FEFF7A3B29E2398200913B92 /* AppCardView.swift */ = {isa = PBXFileReference; lastKnownFileType = sourcecode.swift; path = AppCardView.swift; sourceTree = "<group>"; };
		FEFF7A3D29E23D7D00913B92 /* PercentView.swift */ = {isa = PBXFileReference; lastKnownFileType = sourcecode.swift; path = PercentView.swift; sourceTree = "<group>"; };
		FEFF7A3F29E302D900913B92 /* VerificationLevel.swift */ = {isa = PBXFileReference; lastKnownFileType = sourcecode.swift; path = VerificationLevel.swift; sourceTree = "<group>"; };
		FEFF7A4529E30D5300913B92 /* NewProjectView.swift */ = {isa = PBXFileReference; lastKnownFileType = sourcecode.swift; path = NewProjectView.swift; sourceTree = "<group>"; };
		FEFF7A4729E30DC500913B92 /* LabeledTextField.swift */ = {isa = PBXFileReference; lastKnownFileType = sourcecode.swift; path = LabeledTextField.swift; sourceTree = "<group>"; };
		FEFF7A4A29E3108700913B92 /* VerificationLevelView.swift */ = {isa = PBXFileReference; lastKnownFileType = sourcecode.swift; path = VerificationLevelView.swift; sourceTree = "<group>"; };
		FEFF7A4C29E310CF00913B92 /* VerificationLevelStackView.swift */ = {isa = PBXFileReference; lastKnownFileType = sourcecode.swift; path = VerificationLevelStackView.swift; sourceTree = "<group>"; };
		FEFF7A5229E3422F00913B92 /* RequirementView.swift */ = {isa = PBXFileReference; lastKnownFileType = sourcecode.swift; path = RequirementView.swift; sourceTree = "<group>"; };
		FEFF7A5429E3425E00913B92 /* Requirement.swift */ = {isa = PBXFileReference; lastKnownFileType = sourcecode.swift; path = Requirement.swift; sourceTree = "<group>"; };
		FEFF7A5629E347F300913B92 /* Verification.swift */ = {isa = PBXFileReference; lastKnownFileType = sourcecode.swift; path = Verification.swift; sourceTree = "<group>"; };
		FEFF7A5829E34BE400913B92 /* MASVSCategory.swift */ = {isa = PBXFileReference; lastKnownFileType = sourcecode.swift; path = MASVSCategory.swift; sourceTree = "<group>"; };
		FEFF7A5B29E3581900913B92 /* LinkButtonView.swift */ = {isa = PBXFileReference; lastKnownFileType = sourcecode.swift; path = LinkButtonView.swift; sourceTree = "<group>"; };
		FEFF7A5F29E35F8B00913B92 /* ProjectView.swift */ = {isa = PBXFileReference; lastKnownFileType = sourcecode.swift; path = ProjectView.swift; sourceTree = "<group>"; };
		FEFF7A6229E360FA00913B92 /* RequirementRowView.swift */ = {isa = PBXFileReference; lastKnownFileType = sourcecode.swift; path = RequirementRowView.swift; sourceTree = "<group>"; };
		FEFF7A6429E3639800913B92 /* CheckBoxToggleStyle.swift */ = {isa = PBXFileReference; lastKnownFileType = sourcecode.swift; path = CheckBoxToggleStyle.swift; sourceTree = "<group>"; };
		FEFF7A6629E36B7D00913B92 /* Checklist.swift */ = {isa = PBXFileReference; lastKnownFileType = sourcecode.swift; path = Checklist.swift; sourceTree = "<group>"; };
/* End PBXFileReference section */

/* Begin PBXFrameworksBuildPhase section */
		FE4E7A3D29C4B2AD00325835 /* Frameworks */ = {
			isa = PBXFrameworksBuildPhase;
			buildActionMask = 2147483647;
			files = (
			);
			runOnlyForDeploymentPostprocessing = 0;
		};
/* End PBXFrameworksBuildPhase section */

/* Begin PBXGroup section */
		FE4E7A3729C4B2AD00325835 = {
			isa = PBXGroup;
			children = (
				FE4E7A4229C4B2AD00325835 /* Watchtower */,
				FE4E7A4129C4B2AD00325835 /* Products */,
			);
			sourceTree = "<group>";
		};
		FE4E7A4129C4B2AD00325835 /* Products */ = {
			isa = PBXGroup;
			children = (
				FE4E7A4029C4B2AD00325835 /* Watchtower.app */,
			);
			name = Products;
			sourceTree = "<group>";
		};
		FE4E7A4229C4B2AD00325835 /* Watchtower */ = {
			isa = PBXGroup;
			children = (
				FE9B8AAB29CC86330084BD24 /* App */,
				FEFF7A2F29E201E900913B92 /* Models */,
				FE9B8AB429CCC1680084BD24 /* Utils */,
				FE9B8AAC29CC86430084BD24 /* Features */,
				FE9B8ACC29D098FB0084BD24 /* Services */,
				FE4E7A4729C4B2AE00325835 /* Assets.xcassets */,
				FE4E7A4929C4B2AE00325835 /* Preview Content */,
			);
			path = Watchtower;
			sourceTree = "<group>";
		};
		FE4E7A4929C4B2AE00325835 /* Preview Content */ = {
			isa = PBXGroup;
			children = (
				FE4E7A4A29C4B2AE00325835 /* Preview Assets.xcassets */,
			);
			path = "Preview Content";
			sourceTree = "<group>";
		};
		FE8FB8BC29EC38760029A9DA /* CoreDataStack */ = {
			isa = PBXGroup;
			children = (
				FE8FB8BD29EC38840029A9DA /* CoreDataModel.swift */,
				FE8FB8B729EC36A00029A9DA /* CoreDataStack.swift */,
			);
			path = CoreDataStack;
			sourceTree = "<group>";
		};
		FE8FB8C129EC3B300029A9DA /* Protocols */ = {
			isa = PBXGroup;
			children = (
				FE8FB8BA29EC37E60029A9DA /* ActiveRecord.swift */,
			);
			path = Protocols;
			sourceTree = "<group>";
		};
		FE8FB8C229EC453F0029A9DA /* Checklist */ = {
			isa = PBXGroup;
			children = (
				FEFF7A6629E36B7D00913B92 /* Checklist.swift */,
				FEFF7A5629E347F300913B92 /* Verification.swift */,
				FEFF7A5429E3425E00913B92 /* Requirement.swift */,
				FEFF7A5829E34BE400913B92 /* MASVSCategory.swift */,
			);
			path = Checklist;
			sourceTree = "<group>";
		};
		FE9B8AAB29CC86330084BD24 /* App */ = {
			isa = PBXGroup;
			children = (
				FE4E7A4329C4B2AD00325835 /* WatchtowerApp.swift */,
				FEFF7A2D29E201C100913B92 /* AppState.swift */,
			);
			path = App;
			sourceTree = "<group>";
		};
		FE9B8AAC29CC86430084BD24 /* Features */ = {
			isa = PBXGroup;
			children = (
				FE9B8AAD29CC86550084BD24 /* Login */,
				FEFF7A3629E2044600913B92 /* Info */,
				FEFF7A3229E2042500913B92 /* Dashboard */,
				FEFF7A4329E30D3D00913B92 /* NewProject */,
				FEFF7A5D29E35F6000913B92 /* Project */,
				FEFF7A5029E3420F00913B92 /* Requirement */,
			);
			path = Features;
			sourceTree = "<group>";
		};
		FE9B8AAD29CC86550084BD24 /* Login */ = {
			isa = PBXGroup;
			children = (
				FE9B8AC229CCCC270084BD24 /* View */,
				FE8FB8AF29EC1F720029A9DA /* LoginViewModel.swift */,
			);
			path = Login;
			sourceTree = "<group>";
		};
		FE9B8AB429CCC1680084BD24 /* Utils */ = {
			isa = PBXGroup;
			children = (
				FE8FB8C129EC3B300029A9DA /* Protocols */,
				FE9B8AB829CCC4450084BD24 /* Extensions */,
				FE9B8AB529CCC16E0084BD24 /* UIComponents */,
			);
			path = Utils;
			sourceTree = "<group>";
		};
		FE9B8AB529CCC16E0084BD24 /* UIComponents */ = {
			isa = PBXGroup;
			children = (
				FE9B8AB629CCC1830084BD24 /* PrimaryActionButton.swift */,
				FE9B8AC729CCCD190084BD24 /* SecondaryActionButton.swift */,
				FEFF7A4729E30DC500913B92 /* LabeledTextField.swift */,
				FEFF7A6429E3639800913B92 /* CheckBoxToggleStyle.swift */,
			);
			path = UIComponents;
			sourceTree = "<group>";
		};
		FE9B8AB829CCC4450084BD24 /* Extensions */ = {
			isa = PBXGroup;
			children = (
				FE9B8ABB29CCC52F0084BD24 /* Color.swift */,
				FE8FB8BF29EC3B180029A9DA /* NSObject.swift */,
			);
			path = Extensions;
			sourceTree = "<group>";
		};
		FE9B8AC129CCCC1C0084BD24 /* UIComponents */ = {
			isa = PBXGroup;
			children = (
				FE9B8AC329CCCC370084BD24 /* BackgroundCastleView.swift */,
				FE9B8AC529CCCC980084BD24 /* LogoView.swift */,
			);
			path = UIComponents;
			sourceTree = "<group>";
		};
		FE9B8AC229CCCC270084BD24 /* View */ = {
			isa = PBXGroup;
			children = (
				FE9B8AC129CCCC1C0084BD24 /* UIComponents */,
				FE9B8AAE29CC86670084BD24 /* LoginView.swift */,
			);
			path = View;
			sourceTree = "<group>";
		};
		FE9B8ACC29D098FB0084BD24 /* Services */ = {
			isa = PBXGroup;
			children = (
				FE8FB8BC29EC38760029A9DA /* CoreDataStack */,
				FE9B8ACD29D099110084BD24 /* KeysService.swift */,
				FE8FB8B129EC31C50029A9DA /* StorageService.swift */,
			);
			path = Services;
			sourceTree = "<group>";
		};
		FEFF7A2F29E201E900913B92 /* Models */ = {
			isa = PBXGroup;
			children = (
				FE8FB8C229EC453F0029A9DA /* Checklist */,
				FEFF7A3029E201F100913B92 /* Session.swift */,
				FEFF7A3F29E302D900913B92 /* VerificationLevel.swift */,
				FE8FB8B429EC35470029A9DA /* Watchtower.xcdatamodeld */,
			);
			path = Models;
			sourceTree = "<group>";
		};
		FEFF7A3229E2042500913B92 /* Dashboard */ = {
			isa = PBXGroup;
			children = (
				FEFF7A3329E2042C00913B92 /* View */,
			);
			path = Dashboard;
			sourceTree = "<group>";
		};
		FEFF7A3329E2042C00913B92 /* View */ = {
			isa = PBXGroup;
			children = (
				FEFF7A3A29E2397400913B92 /* UIComponents */,
				FEFF7A3429E2043A00913B92 /* DashboardView.swift */,
			);
			path = View;
			sourceTree = "<group>";
		};
		FEFF7A3629E2044600913B92 /* Info */ = {
			isa = PBXGroup;
			children = (
				FEFF7A3729E2044C00913B92 /* View */,
			);
			path = Info;
			sourceTree = "<group>";
		};
		FEFF7A3729E2044C00913B92 /* View */ = {
			isa = PBXGroup;
			children = (
				FEFF7A3829E2045500913B92 /* InfoView.swift */,
			);
			path = View;
			sourceTree = "<group>";
		};
		FEFF7A3A29E2397400913B92 /* UIComponents */ = {
			isa = PBXGroup;
			children = (
				FEFF7A3B29E2398200913B92 /* AppCardView.swift */,
				FEFF7A3D29E23D7D00913B92 /* PercentView.swift */,
			);
			path = UIComponents;
			sourceTree = "<group>";
		};
		FEFF7A4329E30D3D00913B92 /* NewProject */ = {
			isa = PBXGroup;
			children = (
				FEFF7A4429E30D4500913B92 /* View */,
			);
			path = NewProject;
			sourceTree = "<group>";
		};
		FEFF7A4429E30D4500913B92 /* View */ = {
			isa = PBXGroup;
			children = (
				FEFF7A4929E3107900913B92 /* UIComponent */,
				FEFF7A4529E30D5300913B92 /* NewProjectView.swift */,
			);
			path = View;
			sourceTree = "<group>";
		};
		FEFF7A4929E3107900913B92 /* UIComponent */ = {
			isa = PBXGroup;
			children = (
				FEFF7A4A29E3108700913B92 /* VerificationLevelView.swift */,
				FEFF7A4C29E310CF00913B92 /* VerificationLevelStackView.swift */,
			);
			path = UIComponent;
			sourceTree = "<group>";
		};
		FEFF7A5029E3420F00913B92 /* Requirement */ = {
			isa = PBXGroup;
			children = (
				FEFF7A5129E3422000913B92 /* View */,
			);
			path = Requirement;
			sourceTree = "<group>";
		};
		FEFF7A5129E3422000913B92 /* View */ = {
			isa = PBXGroup;
			children = (
				FEFF7A5A29E3580C00913B92 /* UIComponents */,
				FEFF7A5229E3422F00913B92 /* RequirementView.swift */,
			);
			path = View;
			sourceTree = "<group>";
		};
		FEFF7A5A29E3580C00913B92 /* UIComponents */ = {
			isa = PBXGroup;
			children = (
				FEFF7A5B29E3581900913B92 /* LinkButtonView.swift */,
			);
			path = UIComponents;
			sourceTree = "<group>";
		};
		FEFF7A5D29E35F6000913B92 /* Project */ = {
			isa = PBXGroup;
			children = (
				FEFF7A5E29E35F7700913B92 /* View */,
			);
			path = Project;
			sourceTree = "<group>";
		};
		FEFF7A5E29E35F7700913B92 /* View */ = {
			isa = PBXGroup;
			children = (
				FEFF7A6129E360EB00913B92 /* UIComponents */,
				FEFF7A5F29E35F8B00913B92 /* ProjectView.swift */,
			);
			path = View;
			sourceTree = "<group>";
		};
		FEFF7A6129E360EB00913B92 /* UIComponents */ = {
			isa = PBXGroup;
			children = (
				FEFF7A6229E360FA00913B92 /* RequirementRowView.swift */,
			);
			path = UIComponents;
			sourceTree = "<group>";
		};
/* End PBXGroup section */

/* Begin PBXNativeTarget section */
		FE4E7A3F29C4B2AD00325835 /* Watchtower */ = {
			isa = PBXNativeTarget;
			buildConfigurationList = FE4E7A4E29C4B2AE00325835 /* Build configuration list for PBXNativeTarget "Watchtower" */;
			buildPhases = (
				FE4E7A3C29C4B2AD00325835 /* Sources */,
				FE4E7A3D29C4B2AD00325835 /* Frameworks */,
				FE4E7A3E29C4B2AD00325835 /* Resources */,
				FE9B8ACB29D094FA0084BD24 /* ShellScript */,
			);
			buildRules = (
			);
			dependencies = (
			);
			name = Watchtower;
			productName = Watchtower;
			productReference = FE4E7A4029C4B2AD00325835 /* Watchtower.app */;
			productType = "com.apple.product-type.application";
		};
/* End PBXNativeTarget section */

/* Begin PBXProject section */
		FE4E7A3829C4B2AD00325835 /* Project object */ = {
			isa = PBXProject;
			attributes = {
				BuildIndependentTargetsInParallel = 1;
				LastSwiftUpdateCheck = 1420;
				LastUpgradeCheck = 1420;
				TargetAttributes = {
					FE4E7A3F29C4B2AD00325835 = {
						CreatedOnToolsVersion = 14.2;
					};
				};
			};
			buildConfigurationList = FE4E7A3B29C4B2AD00325835 /* Build configuration list for PBXProject "Watchtower" */;
			compatibilityVersion = "Xcode 14.0";
			developmentRegion = en;
			hasScannedForEncodings = 0;
			knownRegions = (
				en,
				Base,
			);
			mainGroup = FE4E7A3729C4B2AD00325835;
			productRefGroup = FE4E7A4129C4B2AD00325835 /* Products */;
			projectDirPath = "";
			projectRoot = "";
			targets = (
				FE4E7A3F29C4B2AD00325835 /* Watchtower */,
			);
		};
/* End PBXProject section */

/* Begin PBXResourcesBuildPhase section */
		FE4E7A3E29C4B2AD00325835 /* Resources */ = {
			isa = PBXResourcesBuildPhase;
			buildActionMask = 2147483647;
			files = (
				FE4E7A4B29C4B2AE00325835 /* Preview Assets.xcassets in Resources */,
				FE4E7A4829C4B2AE00325835 /* Assets.xcassets in Resources */,
			);
			runOnlyForDeploymentPostprocessing = 0;
		};
/* End PBXResourcesBuildPhase section */

/* Begin PBXShellScriptBuildPhase section */
		FE9B8ACB29D094FA0084BD24 /* ShellScript */ = {
			isa = PBXShellScriptBuildPhase;
			buildActionMask = 2147483647;
			files = (
			);
			inputFileListPaths = (
			);
			inputPaths = (
			);
			outputFileListPaths = (
			);
			outputPaths = (
			);
			runOnlyForDeploymentPostprocessing = 0;
			shellPath = /bin/sh;
			shellScript = "export PATH=\"$PATH:/opt/homebrew/bin\"\nif which swiftlint > /dev/null; then\n  swiftlint\nelse\n  echo \"warning: SwiftLint not installed, download from https://github.com/realm/SwiftLint\"\nfi\n";
		};
/* End PBXShellScriptBuildPhase section */

/* Begin PBXSourcesBuildPhase section */
		FE4E7A3C29C4B2AD00325835 /* Sources */ = {
			isa = PBXSourcesBuildPhase;
			buildActionMask = 2147483647;
			files = (
				FEFF7A3529E2043A00913B92 /* DashboardView.swift in Sources */,
				FE8FB8B229EC31C50029A9DA /* StorageService.swift in Sources */,
				FE9B8AC629CCCC980084BD24 /* LogoView.swift in Sources */,
				FE9B8ABC29CCC52F0084BD24 /* Color.swift in Sources */,
				FEFF7A3C29E2398200913B92 /* AppCardView.swift in Sources */,
				FEFF7A3E29E23D7D00913B92 /* PercentView.swift in Sources */,
				FE8FB8BB29EC37E60029A9DA /* ActiveRecord.swift in Sources */,
				FE8FB8B829EC36A00029A9DA /* CoreDataStack.swift in Sources */,
				FE9B8AAF29CC86670084BD24 /* LoginView.swift in Sources */,
				FEFF7A5329E3422F00913B92 /* RequirementView.swift in Sources */,
				FE8FB8B029EC1F720029A9DA /* LoginViewModel.swift in Sources */,
				FEFF7A4629E30D5300913B92 /* NewProjectView.swift in Sources */,
				FEFF7A4B29E3108700913B92 /* VerificationLevelView.swift in Sources */,
				FEFF7A3929E2045500913B92 /* InfoView.swift in Sources */,
				FEFF7A4D29E310CF00913B92 /* VerificationLevelStackView.swift in Sources */,
				FEFF7A6029E35F8B00913B92 /* ProjectView.swift in Sources */,
				FE9B8ACE29D099110084BD24 /* KeysService.swift in Sources */,
				FE8FB8BE29EC38840029A9DA /* CoreDataModel.swift in Sources */,
				FEFF7A4029E302D900913B92 /* VerificationLevel.swift in Sources */,
				FEFF7A5929E34BE400913B92 /* MASVSCategory.swift in Sources */,
				FE8FB8C029EC3B180029A9DA /* NSObject.swift in Sources */,
				FEFF7A2E29E201C100913B92 /* AppState.swift in Sources */,
				FEFF7A5529E3425E00913B92 /* Requirement.swift in Sources */,
				FEFF7A6529E3639800913B92 /* CheckBoxToggleStyle.swift in Sources */,
				FEFF7A6329E360FA00913B92 /* RequirementRowView.swift in Sources */,
				FEFF7A4829E30DC500913B92 /* LabeledTextField.swift in Sources */,
				FE8FB8B629EC35470029A9DA /* Watchtower.xcdatamodeld in Sources */,
				FEFF7A5729E347F300913B92 /* Verification.swift in Sources */,
				FEFF7A5C29E3581900913B92 /* LinkButtonView.swift in Sources */,
				FE9B8AC829CCCD190084BD24 /* SecondaryActionButton.swift in Sources */,
				FEFF7A3129E201F100913B92 /* Session.swift in Sources */,
				FE9B8AC429CCCC370084BD24 /* BackgroundCastleView.swift in Sources */,
				FE4E7A4429C4B2AD00325835 /* WatchtowerApp.swift in Sources */,
				FEFF7A6729E36B7D00913B92 /* Checklist.swift in Sources */,
				FE9B8AB729CCC1830084BD24 /* PrimaryActionButton.swift in Sources */,
			);
			runOnlyForDeploymentPostprocessing = 0;
		};
/* End PBXSourcesBuildPhase section */

/* Begin XCBuildConfiguration section */
		FE4E7A4C29C4B2AE00325835 /* Debug */ = {
			isa = XCBuildConfiguration;
			buildSettings = {
				ALWAYS_SEARCH_USER_PATHS = NO;
				CLANG_ANALYZER_NONNULL = YES;
				CLANG_ANALYZER_NUMBER_OBJECT_CONVERSION = YES_AGGRESSIVE;
				CLANG_CXX_LANGUAGE_STANDARD = "gnu++20";
				CLANG_ENABLE_MODULES = YES;
				CLANG_ENABLE_OBJC_ARC = YES;
				CLANG_ENABLE_OBJC_WEAK = YES;
				CLANG_WARN_BLOCK_CAPTURE_AUTORELEASING = YES;
				CLANG_WARN_BOOL_CONVERSION = YES;
				CLANG_WARN_COMMA = YES;
				CLANG_WARN_CONSTANT_CONVERSION = YES;
				CLANG_WARN_DEPRECATED_OBJC_IMPLEMENTATIONS = YES;
				CLANG_WARN_DIRECT_OBJC_ISA_USAGE = YES_ERROR;
				CLANG_WARN_DOCUMENTATION_COMMENTS = YES;
				CLANG_WARN_EMPTY_BODY = YES;
				CLANG_WARN_ENUM_CONVERSION = YES;
				CLANG_WARN_INFINITE_RECURSION = YES;
				CLANG_WARN_INT_CONVERSION = YES;
				CLANG_WARN_NON_LITERAL_NULL_CONVERSION = YES;
				CLANG_WARN_OBJC_IMPLICIT_RETAIN_SELF = YES;
				CLANG_WARN_OBJC_LITERAL_CONVERSION = YES;
				CLANG_WARN_OBJC_ROOT_CLASS = YES_ERROR;
				CLANG_WARN_QUOTED_INCLUDE_IN_FRAMEWORK_HEADER = YES;
				CLANG_WARN_RANGE_LOOP_ANALYSIS = YES;
				CLANG_WARN_STRICT_PROTOTYPES = YES;
				CLANG_WARN_SUSPICIOUS_MOVE = YES;
				CLANG_WARN_UNGUARDED_AVAILABILITY = YES_AGGRESSIVE;
				CLANG_WARN_UNREACHABLE_CODE = YES;
				CLANG_WARN__DUPLICATE_METHOD_MATCH = YES;
				COPY_PHASE_STRIP = NO;
				DEBUG_INFORMATION_FORMAT = dwarf;
				ENABLE_STRICT_OBJC_MSGSEND = YES;
				ENABLE_TESTABILITY = YES;
				GCC_C_LANGUAGE_STANDARD = gnu11;
				GCC_DYNAMIC_NO_PIC = NO;
				GCC_NO_COMMON_BLOCKS = YES;
				GCC_OPTIMIZATION_LEVEL = 0;
				GCC_PREPROCESSOR_DEFINITIONS = (
					"DEBUG=1",
					"$(inherited)",
				);
				GCC_WARN_64_TO_32_BIT_CONVERSION = YES;
				GCC_WARN_ABOUT_RETURN_TYPE = YES_ERROR;
				GCC_WARN_UNDECLARED_SELECTOR = YES;
				GCC_WARN_UNINITIALIZED_AUTOS = YES_AGGRESSIVE;
				GCC_WARN_UNUSED_FUNCTION = YES;
				GCC_WARN_UNUSED_VARIABLE = YES;
				IPHONEOS_DEPLOYMENT_TARGET = 16.2;
				MTL_ENABLE_DEBUG_INFO = INCLUDE_SOURCE;
				MTL_FAST_MATH = YES;
				ONLY_ACTIVE_ARCH = YES;
				SDKROOT = iphoneos;
				SWIFT_ACTIVE_COMPILATION_CONDITIONS = DEBUG;
				SWIFT_OPTIMIZATION_LEVEL = "-Onone";
			};
			name = Debug;
		};
		FE4E7A4D29C4B2AE00325835 /* Release */ = {
			isa = XCBuildConfiguration;
			buildSettings = {
				ALWAYS_SEARCH_USER_PATHS = NO;
				CLANG_ANALYZER_NONNULL = YES;
				CLANG_ANALYZER_NUMBER_OBJECT_CONVERSION = YES_AGGRESSIVE;
				CLANG_CXX_LANGUAGE_STANDARD = "gnu++20";
				CLANG_ENABLE_MODULES = YES;
				CLANG_ENABLE_OBJC_ARC = YES;
				CLANG_ENABLE_OBJC_WEAK = YES;
				CLANG_WARN_BLOCK_CAPTURE_AUTORELEASING = YES;
				CLANG_WARN_BOOL_CONVERSION = YES;
				CLANG_WARN_COMMA = YES;
				CLANG_WARN_CONSTANT_CONVERSION = YES;
				CLANG_WARN_DEPRECATED_OBJC_IMPLEMENTATIONS = YES;
				CLANG_WARN_DIRECT_OBJC_ISA_USAGE = YES_ERROR;
				CLANG_WARN_DOCUMENTATION_COMMENTS = YES;
				CLANG_WARN_EMPTY_BODY = YES;
				CLANG_WARN_ENUM_CONVERSION = YES;
				CLANG_WARN_INFINITE_RECURSION = YES;
				CLANG_WARN_INT_CONVERSION = YES;
				CLANG_WARN_NON_LITERAL_NULL_CONVERSION = YES;
				CLANG_WARN_OBJC_IMPLICIT_RETAIN_SELF = YES;
				CLANG_WARN_OBJC_LITERAL_CONVERSION = YES;
				CLANG_WARN_OBJC_ROOT_CLASS = YES_ERROR;
				CLANG_WARN_QUOTED_INCLUDE_IN_FRAMEWORK_HEADER = YES;
				CLANG_WARN_RANGE_LOOP_ANALYSIS = YES;
				CLANG_WARN_STRICT_PROTOTYPES = YES;
				CLANG_WARN_SUSPICIOUS_MOVE = YES;
				CLANG_WARN_UNGUARDED_AVAILABILITY = YES_AGGRESSIVE;
				CLANG_WARN_UNREACHABLE_CODE = YES;
				CLANG_WARN__DUPLICATE_METHOD_MATCH = YES;
				COPY_PHASE_STRIP = NO;
				DEBUG_INFORMATION_FORMAT = "dwarf-with-dsym";
				ENABLE_NS_ASSERTIONS = NO;
				ENABLE_STRICT_OBJC_MSGSEND = YES;
				GCC_C_LANGUAGE_STANDARD = gnu11;
				GCC_NO_COMMON_BLOCKS = YES;
				GCC_WARN_64_TO_32_BIT_CONVERSION = YES;
				GCC_WARN_ABOUT_RETURN_TYPE = YES_ERROR;
				GCC_WARN_UNDECLARED_SELECTOR = YES;
				GCC_WARN_UNINITIALIZED_AUTOS = YES_AGGRESSIVE;
				GCC_WARN_UNUSED_FUNCTION = YES;
				GCC_WARN_UNUSED_VARIABLE = YES;
				IPHONEOS_DEPLOYMENT_TARGET = 16.2;
				MTL_ENABLE_DEBUG_INFO = NO;
				MTL_FAST_MATH = YES;
				SDKROOT = iphoneos;
				SWIFT_COMPILATION_MODE = wholemodule;
				SWIFT_OPTIMIZATION_LEVEL = "-O";
				VALIDATE_PRODUCT = YES;
			};
			name = Release;
		};
		FE4E7A4F29C4B2AE00325835 /* Debug */ = {
			isa = XCBuildConfiguration;
			buildSettings = {
				ASSETCATALOG_COMPILER_APPICON_NAME = AppIcon;
				ASSETCATALOG_COMPILER_GLOBAL_ACCENT_COLOR_NAME = AccentColor;
				CODE_SIGN_STYLE = Automatic;
				CURRENT_PROJECT_VERSION = 1;
				DEVELOPMENT_ASSET_PATHS = "\"Watchtower/Preview Content\"";
				DEVELOPMENT_TEAM = TF4K4YZ8PT;
				ENABLE_PREVIEWS = YES;
				GENERATE_INFOPLIST_FILE = YES;
				INFOPLIST_KEY_UIApplicationSceneManifest_Generation = YES;
				INFOPLIST_KEY_UIApplicationSupportsIndirectInputEvents = YES;
				INFOPLIST_KEY_UILaunchScreen_Generation = YES;
				INFOPLIST_KEY_UISupportedInterfaceOrientations = UIInterfaceOrientationPortrait;
				INFOPLIST_KEY_UISupportedInterfaceOrientations_iPad = "UIInterfaceOrientationLandscapeLeft UIInterfaceOrientationLandscapeRight UIInterfaceOrientationPortrait UIInterfaceOrientationPortraitUpsideDown";
				IPHONEOS_DEPLOYMENT_TARGET = 16.0;
				LD_RUNPATH_SEARCH_PATHS = (
					"$(inherited)",
					"@executable_path/Frameworks",
				);
				MARKETING_VERSION = 1.0;
				PRODUCT_BUNDLE_IDENTIFIER = com.fortresskit.Watchtower;
				PRODUCT_NAME = "$(TARGET_NAME)";
				SWIFT_EMIT_LOC_STRINGS = YES;
				SWIFT_VERSION = 5.0;
				TARGETED_DEVICE_FAMILY = "1,2";
			};
			name = Debug;
		};
		FE4E7A5029C4B2AE00325835 /* Release */ = {
			isa = XCBuildConfiguration;
			buildSettings = {
				ASSETCATALOG_COMPILER_APPICON_NAME = AppIcon;
				ASSETCATALOG_COMPILER_GLOBAL_ACCENT_COLOR_NAME = AccentColor;
				CODE_SIGN_STYLE = Automatic;
				CURRENT_PROJECT_VERSION = 1;
				DEVELOPMENT_ASSET_PATHS = "\"Watchtower/Preview Content\"";
				DEVELOPMENT_TEAM = TF4K4YZ8PT;
				ENABLE_PREVIEWS = YES;
				GENERATE_INFOPLIST_FILE = YES;
				INFOPLIST_KEY_UIApplicationSceneManifest_Generation = YES;
				INFOPLIST_KEY_UIApplicationSupportsIndirectInputEvents = YES;
				INFOPLIST_KEY_UILaunchScreen_Generation = YES;
				INFOPLIST_KEY_UISupportedInterfaceOrientations = UIInterfaceOrientationPortrait;
				INFOPLIST_KEY_UISupportedInterfaceOrientations_iPad = "UIInterfaceOrientationLandscapeLeft UIInterfaceOrientationLandscapeRight UIInterfaceOrientationPortrait UIInterfaceOrientationPortraitUpsideDown";
				IPHONEOS_DEPLOYMENT_TARGET = 16.0;
				LD_RUNPATH_SEARCH_PATHS = (
					"$(inherited)",
					"@executable_path/Frameworks",
				);
				MARKETING_VERSION = 1.0;
				PRODUCT_BUNDLE_IDENTIFIER = com.fortresskit.Watchtower;
				PRODUCT_NAME = "$(TARGET_NAME)";
				SWIFT_EMIT_LOC_STRINGS = YES;
				SWIFT_VERSION = 5.0;
				TARGETED_DEVICE_FAMILY = "1,2";
			};
			name = Release;
		};
/* End XCBuildConfiguration section */

/* Begin XCConfigurationList section */
		FE4E7A3B29C4B2AD00325835 /* Build configuration list for PBXProject "Watchtower" */ = {
			isa = XCConfigurationList;
			buildConfigurations = (
				FE4E7A4C29C4B2AE00325835 /* Debug */,
				FE4E7A4D29C4B2AE00325835 /* Release */,
			);
			defaultConfigurationIsVisible = 0;
			defaultConfigurationName = Release;
		};
		FE4E7A4E29C4B2AE00325835 /* Build configuration list for PBXNativeTarget "Watchtower" */ = {
			isa = XCConfigurationList;
			buildConfigurations = (
				FE4E7A4F29C4B2AE00325835 /* Debug */,
				FE4E7A5029C4B2AE00325835 /* Release */,
			);
			defaultConfigurationIsVisible = 0;
			defaultConfigurationName = Release;
		};
/* End XCConfigurationList section */

/* Begin XCVersionGroup section */
		FE8FB8B429EC35470029A9DA /* Watchtower.xcdatamodeld */ = {
			isa = XCVersionGroup;
			children = (
				FE8FB8B529EC35470029A9DA /* Watchtower.xcdatamodel */,
			);
			currentVersion = FE8FB8B529EC35470029A9DA /* Watchtower.xcdatamodel */;
			path = Watchtower.xcdatamodeld;
			sourceTree = "<group>";
			versionGroupType = wrapper.xcdatamodel;
		};
/* End XCVersionGroup section */
	};
	rootObject = FE4E7A3829C4B2AD00325835 /* Project object */;
}
